
Microsoft Visual Studio Solution File, Format Version 12.00
# Visual Studio Version 17
VisualStudioVersion = 17.5.33530.505
MinimumVisualStudioVersion = 10.0.40219.1
Project("{FAE04EC0-301F-11D3-BF4B-00C04F79EFBC}") = "2.05.2023dz", "2.05.2023dz\2.05.2023dz.csproj", "{4D78F01D-12B7-4848-8248-17FEE367674F}"
EndProject
Global
	GlobalSection(SolutionConfigurationPlatforms) = preSolution
		Debug|Any CPU = Debug|Any CPU
		Release|Any CPU = Release|Any CPU
	EndGlobalSection
	GlobalSection(ProjectConfigurationPlatforms) = postSolution
		{4D78F01D-12B7-4848-8248-17FEE367674F}.Debug|Any CPU.ActiveCfg = Debug|Any CPU
		{4D78F01D-12B7-4848-8248-17FEE367674F}.Debug|Any CPU.Build.0 = Debug|Any CPU
		{4D78F01D-12B7-4848-8248-17FEE367674F}.Release|Any CPU.ActiveCfg = Release|Any CPU
		{4D78F01D-12B7-4848-8248-17FEE367674F}.Release|Any CPU.Build.0 = Release|Any CPU
	EndGlobalSection
	GlobalSection(SolutionProperties) = preSolution
		HideSolutionNode = FALSE
	EndGlobalSection
	GlobalSection(ExtensibilityGlobals) = postSolution
		SolutionGuid = {88C1E118-CC8B-4532-8EF6-4164F6D31855}
	EndGlobalSection
EndGlobal
